
Microsoft Visual Studio Solution File, Format Version 12.00
# Visual Studio Version 17
VisualStudioVersion = 17.11.35327.3
MinimumVisualStudioVersion = 10.0.40219.1
Project("{FAE04EC0-301F-11D3-BF4B-00C04F79EFBC}") = "NaujasProjektas2024-10-30", "NaujasProjektas2024-10-30\NaujasProjektas2024-10-30.csproj", "{00860BFC-D71E-4F1D-B728-5B0B95291EC7}"
EndProject
Global
	GlobalSection(SolutionConfigurationPlatforms) = preSolution
		Debug|Any CPU = Debug|Any CPU
		Release|Any CPU = Release|Any CPU
	EndGlobalSection
	GlobalSection(ProjectConfigurationPlatforms) = postSolution
		{00860BFC-D71E-4F1D-B728-5B0B95291EC7}.Debug|Any CPU.ActiveCfg = Debug|Any CPU
		{00860BFC-D71E-4F1D-B728-5B0B95291EC7}.Debug|Any CPU.Build.0 = Debug|Any CPU
		{00860BFC-D71E-4F1D-B728-5B0B95291EC7}.Release|Any CPU.ActiveCfg = Release|Any CPU
		{00860BFC-D71E-4F1D-B728-5B0B95291EC7}.Release|Any CPU.Build.0 = Release|Any CPU
	EndGlobalSection
	GlobalSection(SolutionProperties) = preSolution
		HideSolutionNode = FALSE
	EndGlobalSection
	GlobalSection(ExtensibilityGlobals) = postSolution
		SolutionGuid = {390B615C-5BFE-4EBD-9E95-43AAD5C820D6}
	EndGlobalSection
EndGlobal
